
Microsoft Visual Studio Solution File, Format Version 12.00
# Visual Studio Version 17
VisualStudioVersion = 17.2.32526.322
MinimumVisualStudioVersion = 10.0.40219.1
Project("{FAE04EC0-301F-11D3-BF4B-00C04F79EFBC}") = "Dictionary1", "Dictionary1\Dictionary1.csproj", "{B1F53CCE-A4E9-435A-A99A-6F620390A7FC}"
EndProject
Global
	GlobalSection(SolutionConfigurationPlatforms) = preSolution
		Debug|Any CPU = Debug|Any CPU
		Release|Any CPU = Release|Any CPU
	EndGlobalSection
	GlobalSection(ProjectConfigurationPlatforms) = postSolution
		{B1F53CCE-A4E9-435A-A99A-6F620390A7FC}.Debug|Any CPU.ActiveCfg = Debug|Any CPU
		{B1F53CCE-A4E9-435A-A99A-6F620390A7FC}.Debug|Any CPU.Build.0 = Debug|Any CPU
		{B1F53CCE-A4E9-435A-A99A-6F620390A7FC}.Release|Any CPU.ActiveCfg = Release|Any CPU
		{B1F53CCE-A4E9-435A-A99A-6F620390A7FC}.Release|Any CPU.Build.0 = Release|Any CPU
	EndGlobalSection
	GlobalSection(SolutionProperties) = preSolution
		HideSolutionNode = FALSE
	EndGlobalSection
	GlobalSection(ExtensibilityGlobals) = postSolution
		SolutionGuid = {254E8E5B-6AF2-482C-973D-77ACBD83DECD}
	EndGlobalSection
EndGlobal
